// !$*UTF8*$!
{
	archiveVersion = 1;
	classes = {
	};
	objectVersion = 77;
	objects = {

/* Begin PBXBuildFile section */
		46FE50582D304BC700DF081A /* AddFriendsView.swift in Sources */ = {isa = PBXBuildFile; fileRef = 46FE50572D304BBC00DF081A /* AddFriendsView.swift */; };
		83ABA7E02D2D28D300799E1F /* AddCardView.swift in Sources */ = {isa = PBXBuildFile; fileRef = 83ABA7D52D2D28D300799E1F /* AddCardView.swift */; };
		83ABA7E22D2D28D300799E1F /* AddressBookDetailView.swift in Sources */ = {isa = PBXBuildFile; fileRef = 83ABA7D72D2D28D300799E1F /* AddressBookDetailView.swift */; };
		83ABA7E32D2D28D300799E1F /* AddressBookView.swift in Sources */ = {isa = PBXBuildFile; fileRef = 83ABA7D82D2D28D300799E1F /* AddressBookView.swift */; };
		83ABA7E42D2D28D300799E1F /* AddressBookViewModel.swift in Sources */ = {isa = PBXBuildFile; fileRef = 83ABA7D92D2D28D300799E1F /* AddressBookViewModel.swift */; };
		83ABA7E62D2D28D300799E1F /* ContactRowView.swift in Sources */ = {isa = PBXBuildFile; fileRef = 83ABA7DC2D2D28D300799E1F /* ContactRowView.swift */; };
		83ABA7E82D2D28D300799E1F /* iOS5_Zhaboklitskaya_PanApp.swift in Sources */ = {isa = PBXBuildFile; fileRef = 83ABA7DE2D2D28D300799E1F /* iOS5_Zhaboklitskaya_PanApp.swift */; };
		83ABA7E92D2D28D300799E1F /* Preview Assets.xcassets in Resources */ = {isa = PBXBuildFile; fileRef = 83ABA7D32D2D28D300799E1F /* Preview Assets.xcassets */; };
		83ABA7EA2D2D28D300799E1F /* Assets.xcassets in Resources */ = {isa = PBXBuildFile; fileRef = 83ABA7DB2D2D28D300799E1F /* Assets.xcassets */; };
		83ABA7F62D2D5D2400799E1F /* AddHobbyView.swift in Sources */ = {isa = PBXBuildFile; fileRef = 83ABA7F52D2D5D2400799E1F /* AddHobbyView.swift */; };
/* End PBXBuildFile section */

/* Begin PBXFileReference section */
		46617EE82D26E93000741B5E /* iOS5-Zhaboklitskaya-Pan.app */ = {isa = PBXFileReference; explicitFileType = wrapper.application; includeInIndex = 0; path = "iOS5-Zhaboklitskaya-Pan.app"; sourceTree = BUILT_PRODUCTS_DIR; };
		46C0F1232ED8398D0000CBC4 /* README.md */ = {isa = PBXFileReference; lastKnownFileType = net.daringfireball.markdown; path = README.md; sourceTree = "<group>"; };
		46C0F1302ED87CB20000CBC4 /* MIT-License.md */ = {isa = PBXFileReference; lastKnownFileType = sourcecode.swift; path = "MIT-License.md"; sourceTree = "<group>"; };
		46FE50572D304BBC00DF081A /* AddFriendsView.swift */ = {isa = PBXFileReference; lastKnownFileType = sourcecode.swift; path = AddFriendsView.swift; sourceTree = "<group>"; };
		83ABA7D32D2D28D300799E1F /* Preview Assets.xcassets */ = {isa = PBXFileReference; lastKnownFileType = folder.assetcatalog; path = "Preview Assets.xcassets"; sourceTree = "<group>"; };
		83ABA7D52D2D28D300799E1F /* AddCardView.swift */ = {isa = PBXFileReference; lastKnownFileType = sourcecode.swift; path = AddCardView.swift; sourceTree = "<group>"; };
		83ABA7D72D2D28D300799E1F /* AddressBookDetailView.swift */ = {isa = PBXFileReference; lastKnownFileType = sourcecode.swift; path = AddressBookDetailView.swift; sourceTree = "<group>"; };
		83ABA7D82D2D28D300799E1F /* AddressBookView.swift */ = {isa = PBXFileReference; lastKnownFileType = sourcecode.swift; path = AddressBookView.swift; sourceTree = "<group>"; };
		83ABA7D92D2D28D300799E1F /* AddressBookViewModel.swift */ = {isa = PBXFileReference; lastKnownFileType = sourcecode.swift; path = AddressBookViewModel.swift; sourceTree = "<group>"; };
		83ABA7DB2D2D28D300799E1F /* Assets.xcassets */ = {isa = PBXFileReference; lastKnownFileType = folder.assetcatalog; path = Assets.xcassets; sourceTree = "<group>"; };
		83ABA7DC2D2D28D300799E1F /* ContactRowView.swift */ = {isa = PBXFileReference; lastKnownFileType = sourcecode.swift; path = ContactRowView.swift; sourceTree = "<group>"; };
		83ABA7DE2D2D28D300799E1F /* iOS5_Zhaboklitskaya_PanApp.swift */ = {isa = PBXFileReference; lastKnownFileType = sourcecode.swift; path = iOS5_Zhaboklitskaya_PanApp.swift; sourceTree = "<group>"; };
		83ABA7F52D2D5D2400799E1F /* AddHobbyView.swift */ = {isa = PBXFileReference; lastKnownFileType = sourcecode.swift; path = AddHobbyView.swift; sourceTree = "<group>"; };
/* End PBXFileReference section */

/* Begin PBXFileSystemSynchronizedRootGroup section */
		83ABA7EE2D2D396C00799E1F /* Model */ = {
			isa = PBXFileSystemSynchronizedRootGroup;
			path = Model;
			sourceTree = "<group>";
		};
/* End PBXFileSystemSynchronizedRootGroup section */

/* Begin PBXFrameworksBuildPhase section */
		46617EE52D26E93000741B5E /* Frameworks */ = {
			isa = PBXFrameworksBuildPhase;
			buildActionMask = 2147483647;
			files = (
			);
			runOnlyForDeploymentPostprocessing = 0;
		};
/* End PBXFrameworksBuildPhase section */

/* Begin PBXGroup section */
		46617EDF2D26E93000741B5E = {
			isa = PBXGroup;
			children = (
				83ABA7DF2D2D28D300799E1F /* iOS5-Zhaboklitskaya-Pan */,
				46617EE92D26E93000741B5E /* Products */,
				46C0F1232ED8398D0000CBC4 /* README.md */,
				46C0F1302ED87CB20000CBC4 /* MIT-License.md */,
			);
			sourceTree = "<group>";
		};
		46617EE92D26E93000741B5E /* Products */ = {
			isa = PBXGroup;
			children = (
				46617EE82D26E93000741B5E /* iOS5-Zhaboklitskaya-Pan.app */,
			);
			name = Products;
			sourceTree = "<group>";
		};
		83ABA7D42D2D28D300799E1F /* Preview Content */ = {
			isa = PBXGroup;
			children = (
				83ABA7D32D2D28D300799E1F /* Preview Assets.xcassets */,
				83ABA7DB2D2D28D300799E1F /* Assets.xcassets */,
			);
			path = "Preview Content";
			sourceTree = "<group>";
		};
		83ABA7DF2D2D28D300799E1F /* iOS5-Zhaboklitskaya-Pan */ = {
			isa = PBXGroup;
			children = (
				83ABA7D42D2D28D300799E1F /* Preview Content */,
				83ABA7D82D2D28D300799E1F /* AddressBookView.swift */,
				83ABA7D72D2D28D300799E1F /* AddressBookDetailView.swift */,
				83ABA7D92D2D28D300799E1F /* AddressBookViewModel.swift */,
				83ABA7D52D2D28D300799E1F /* AddCardView.swift */,
				83ABA7F52D2D5D2400799E1F /* AddHobbyView.swift */,
				46FE50572D304BBC00DF081A /* AddFriendsView.swift */,
				83ABA7DC2D2D28D300799E1F /* ContactRowView.swift */,
				83ABA7EE2D2D396C00799E1F /* Model */,
				83ABA7DE2D2D28D300799E1F /* iOS5_Zhaboklitskaya_PanApp.swift */,
			);
			path = "iOS5-Zhaboklitskaya-Pan";
			sourceTree = "<group>";
		};
/* End PBXGroup section */

/* Begin PBXNativeTarget section */
		46617EE72D26E93000741B5E /* iOS5-Zhaboklitskaya-Pan */ = {
			isa = PBXNativeTarget;
			buildConfigurationList = 46617EF62D26E93200741B5E /* Build configuration list for PBXNativeTarget "iOS5-Zhaboklitskaya-Pan" */;
			buildPhases = (
				46617EE42D26E93000741B5E /* Sources */,
				46617EE52D26E93000741B5E /* Frameworks */,
				46617EE62D26E93000741B5E /* Resources */,
			);
			buildRules = (
			);
			dependencies = (
			);
			fileSystemSynchronizedGroups = (
				83ABA7EE2D2D396C00799E1F /* Model */,
			);
			name = "iOS5-Zhaboklitskaya-Pan";
			packageProductDependencies = (
			);
			productName = "iOS5-Zhaboklitskaya-Pan";
			productReference = 46617EE82D26E93000741B5E /* iOS5-Zhaboklitskaya-Pan.app */;
			productType = "com.apple.product-type.application";
		};
/* End PBXNativeTarget section */

/* Begin PBXProject section */
		46617EE02D26E93000741B5E /* Project object */ = {
			isa = PBXProject;
			attributes = {
				BuildIndependentTargetsInParallel = 1;
				LastSwiftUpdateCheck = 1600;
				LastUpgradeCheck = 1600;
				TargetAttributes = {
					46617EE72D26E93000741B5E = {
						CreatedOnToolsVersion = 16.0;
					};
				};
			};
			buildConfigurationList = 46617EE32D26E93000741B5E /* Build configuration list for PBXProject "iOS5-Zhaboklitskaya-Pan" */;
			developmentRegion = en;
			hasScannedForEncodings = 0;
			knownRegions = (
				en,
				Base,
			);
			mainGroup = 46617EDF2D26E93000741B5E;
			minimizedProjectReferenceProxies = 1;
			preferredProjectObjectVersion = 77;
			productRefGroup = 46617EE92D26E93000741B5E /* Products */;
			projectDirPath = "";
			projectRoot = "";
			targets = (
				46617EE72D26E93000741B5E /* iOS5-Zhaboklitskaya-Pan */,
			);
		};
/* End PBXProject section */

/* Begin PBXResourcesBuildPhase section */
		46617EE62D26E93000741B5E /* Resources */ = {
			isa = PBXResourcesBuildPhase;
			buildActionMask = 2147483647;
			files = (
				83ABA7E92D2D28D300799E1F /* Preview Assets.xcassets in Resources */,
				83ABA7EA2D2D28D300799E1F /* Assets.xcassets in Resources */,
			);
			runOnlyForDeploymentPostprocessing = 0;
		};
/* End PBXResourcesBuildPhase section */

/* Begin PBXSourcesBuildPhase section */
		46617EE42D26E93000741B5E /* Sources */ = {
			isa = PBXSourcesBuildPhase;
			buildActionMask = 2147483647;
			files = (
				83ABA7E02D2D28D300799E1F /* AddCardView.swift in Sources */,
				83ABA7E22D2D28D300799E1F /* AddressBookDetailView.swift in Sources */,
				83ABA7E32D2D28D300799E1F /* AddressBookView.swift in Sources */,
				46FE50582D304BC700DF081A /* AddFriendsView.swift in Sources */,
				83ABA7E42D2D28D300799E1F /* AddressBookViewModel.swift in Sources */,
				83ABA7F62D2D5D2400799E1F /* AddHobbyView.swift in Sources */,
				83ABA7E62D2D28D300799E1F /* ContactRowView.swift in Sources */,
				83ABA7E82D2D28D300799E1F /* iOS5_Zhaboklitskaya_PanApp.swift in Sources */,
			);
			runOnlyForDeploymentPostprocessing = 0;
		};
/* End PBXSourcesBuildPhase section */

/* Begin XCBuildConfiguration section */
		46617EF42D26E93200741B5E /* Debug */ = {
			isa = XCBuildConfiguration;
			buildSettings = {
				ALWAYS_SEARCH_USER_PATHS = NO;
				ASSETCATALOG_COMPILER_GENERATE_SWIFT_ASSET_SYMBOL_EXTENSIONS = YES;
				CLANG_ANALYZER_NONNULL = YES;
				CLANG_ANALYZER_NUMBER_OBJECT_CONVERSION = YES_AGGRESSIVE;
				CLANG_CXX_LANGUAGE_STANDARD = "gnu++20";
				CLANG_ENABLE_MODULES = YES;
				CLANG_ENABLE_OBJC_ARC = YES;
				CLANG_ENABLE_OBJC_WEAK = YES;
				CLANG_WARN_BLOCK_CAPTURE_AUTORELEASING = YES;
				CLANG_WARN_BOOL_CONVERSION = YES;
				CLANG_WARN_COMMA = YES;
				CLANG_WARN_CONSTANT_CONVERSION = YES;
				CLANG_WARN_DEPRECATED_OBJC_IMPLEMENTATIONS = YES;
				CLANG_WARN_DIRECT_OBJC_ISA_USAGE = YES_ERROR;
				CLANG_WARN_DOCUMENTATION_COMMENTS = YES;
				CLANG_WARN_EMPTY_BODY = YES;
				CLANG_WARN_ENUM_CONVERSION = YES;
				CLANG_WARN_INFINITE_RECURSION = YES;
				CLANG_WARN_INT_CONVERSION = YES;
				CLANG_WARN_NON_LITERAL_NULL_CONVERSION = YES;
				CLANG_WARN_OBJC_IMPLICIT_RETAIN_SELF = YES;
				CLANG_WARN_OBJC_LITERAL_CONVERSION = YES;
				CLANG_WARN_OBJC_ROOT_CLASS = YES_ERROR;
				CLANG_WARN_QUOTED_INCLUDE_IN_FRAMEWORK_HEADER = YES;
				CLANG_WARN_RANGE_LOOP_ANALYSIS = YES;
				CLANG_WARN_STRICT_PROTOTYPES = YES;
				CLANG_WARN_SUSPICIOUS_MOVE = YES;
				CLANG_WARN_UNGUARDED_AVAILABILITY = YES_AGGRESSIVE;
				CLANG_WARN_UNREACHABLE_CODE = YES;
				CLANG_WARN__DUPLICATE_METHOD_MATCH = YES;
				COPY_PHASE_STRIP = NO;
				DEBUG_INFORMATION_FORMAT = dwarf;
				ENABLE_STRICT_OBJC_MSGSEND = YES;
				ENABLE_TESTABILITY = YES;
				ENABLE_USER_SCRIPT_SANDBOXING = YES;
				GCC_C_LANGUAGE_STANDARD = gnu17;
				GCC_DYNAMIC_NO_PIC = NO;
				GCC_NO_COMMON_BLOCKS = YES;
				GCC_OPTIMIZATION_LEVEL = 0;
				GCC_PREPROCESSOR_DEFINITIONS = (
					"DEBUG=1",
					"$(inherited)",
				);
				GCC_WARN_64_TO_32_BIT_CONVERSION = YES;
				GCC_WARN_ABOUT_RETURN_TYPE = YES_ERROR;
				GCC_WARN_UNDECLARED_SELECTOR = YES;
				GCC_WARN_UNINITIALIZED_AUTOS = YES_AGGRESSIVE;
				GCC_WARN_UNUSED_FUNCTION = YES;
				GCC_WARN_UNUSED_VARIABLE = YES;
				IPHONEOS_DEPLOYMENT_TARGET = 18.0;
				LOCALIZATION_PREFERS_STRING_CATALOGS = YES;
				MTL_ENABLE_DEBUG_INFO = INCLUDE_SOURCE;
				MTL_FAST_MATH = YES;
				ONLY_ACTIVE_ARCH = YES;
				SDKROOT = iphoneos;
				SWIFT_ACTIVE_COMPILATION_CONDITIONS = "DEBUG $(inherited)";
				SWIFT_OPTIMIZATION_LEVEL = "-Onone";
			};
			name = Debug;
		};
		46617EF52D26E93200741B5E /* Release */ = {
			isa = XCBuildConfiguration;
			buildSettings = {
				ALWAYS_SEARCH_USER_PATHS = NO;
				ASSETCATALOG_COMPILER_GENERATE_SWIFT_ASSET_SYMBOL_EXTENSIONS = YES;
				CLANG_ANALYZER_NONNULL = YES;
				CLANG_ANALYZER_NUMBER_OBJECT_CONVERSION = YES_AGGRESSIVE;
				CLANG_CXX_LANGUAGE_STANDARD = "gnu++20";
				CLANG_ENABLE_MODULES = YES;
				CLANG_ENABLE_OBJC_ARC = YES;
				CLANG_ENABLE_OBJC_WEAK = YES;
				CLANG_WARN_BLOCK_CAPTURE_AUTORELEASING = YES;
				CLANG_WARN_BOOL_CONVERSION = YES;
				CLANG_WARN_COMMA = YES;
				CLANG_WARN_CONSTANT_CONVERSION = YES;
				CLANG_WARN_DEPRECATED_OBJC_IMPLEMENTATIONS = YES;
				CLANG_WARN_DIRECT_OBJC_ISA_USAGE = YES_ERROR;
				CLANG_WARN_DOCUMENTATION_COMMENTS = YES;
				CLANG_WARN_EMPTY_BODY = YES;
				CLANG_WARN_ENUM_CONVERSION = YES;
				CLANG_WARN_INFINITE_RECURSION = YES;
				CLANG_WARN_INT_CONVERSION = YES;
				CLANG_WARN_NON_LITERAL_NULL_CONVERSION = YES;
				CLANG_WARN_OBJC_IMPLICIT_RETAIN_SELF = YES;
				CLANG_WARN_OBJC_LITERAL_CONVERSION = YES;
				CLANG_WARN_OBJC_ROOT_CLASS = YES_ERROR;
				CLANG_WARN_QUOTED_INCLUDE_IN_FRAMEWORK_HEADER = YES;
				CLANG_WARN_RANGE_LOOP_ANALYSIS = YES;
				CLANG_WARN_STRICT_PROTOTYPES = YES;
				CLANG_WARN_SUSPICIOUS_MOVE = YES;
				CLANG_WARN_UNGUARDED_AVAILABILITY = YES_AGGRESSIVE;
				CLANG_WARN_UNREACHABLE_CODE = YES;
				CLANG_WARN__DUPLICATE_METHOD_MATCH = YES;
				COPY_PHASE_STRIP = NO;
				DEBUG_INFORMATION_FORMAT = "dwarf-with-dsym";
				ENABLE_NS_ASSERTIONS = NO;
				ENABLE_STRICT_OBJC_MSGSEND = YES;
				ENABLE_USER_SCRIPT_SANDBOXING = YES;
				GCC_C_LANGUAGE_STANDARD = gnu17;
				GCC_NO_COMMON_BLOCKS = YES;
				GCC_WARN_64_TO_32_BIT_CONVERSION = YES;
				GCC_WARN_ABOUT_RETURN_TYPE = YES_ERROR;
				GCC_WARN_UNDECLARED_SELECTOR = YES;
				GCC_WARN_UNINITIALIZED_AUTOS = YES_AGGRESSIVE;
				GCC_WARN_UNUSED_FUNCTION = YES;
				GCC_WARN_UNUSED_VARIABLE = YES;
				IPHONEOS_DEPLOYMENT_TARGET = 18.0;
				LOCALIZATION_PREFERS_STRING_CATALOGS = YES;
				MTL_ENABLE_DEBUG_INFO = NO;
				MTL_FAST_MATH = YES;
				SDKROOT = iphoneos;
				SWIFT_COMPILATION_MODE = wholemodule;
				VALIDATE_PRODUCT = YES;
			};
			name = Release;
		};
		46617EF72D26E93200741B5E /* Debug */ = {
			isa = XCBuildConfiguration;
			buildSettings = {
				ASSETCATALOG_COMPILER_APPICON_NAME = AppIcon;
				ASSETCATALOG_COMPILER_GLOBAL_ACCENT_COLOR_NAME = AccentColor;
				CODE_SIGN_STYLE = Automatic;
				CURRENT_PROJECT_VERSION = 1;
				DEVELOPMENT_ASSET_PATHS = "\"iOS5-Zhaboklitskaya-Pan/Preview Content\"";
				DEVELOPMENT_TEAM = UGZ7JH89JM;
				ENABLE_PREVIEWS = YES;
				GENERATE_INFOPLIST_FILE = YES;
				INFOPLIST_KEY_UIApplicationSceneManifest_Generation = YES;
				INFOPLIST_KEY_UIApplicationSupportsIndirectInputEvents = YES;
				INFOPLIST_KEY_UILaunchScreen_Generation = YES;
				INFOPLIST_KEY_UISupportedInterfaceOrientations_iPad = "UIInterfaceOrientationPortrait UIInterfaceOrientationPortraitUpsideDown UIInterfaceOrientationLandscapeLeft UIInterfaceOrientationLandscapeRight";
				INFOPLIST_KEY_UISupportedInterfaceOrientations_iPhone = "UIInterfaceOrientationPortrait UIInterfaceOrientationLandscapeLeft UIInterfaceOrientationLandscapeRight";
				LD_RUNPATH_SEARCH_PATHS = (
					"$(inherited)",
					"@executable_path/Frameworks",
				);
				MARKETING_VERSION = 1.0;
				PRODUCT_BUNDLE_IDENTIFIER = "iOS5-Zhaboklitskaya-Pan.iOS5-Zhaboklitskaya-Pan";
				PRODUCT_NAME = "$(TARGET_NAME)";
				SWIFT_EMIT_LOC_STRINGS = YES;
				SWIFT_VERSION = 5.0;
				TARGETED_DEVICE_FAMILY = "1,2";
			};
			name = Debug;
		};
		46617EF82D26E93200741B5E /* Release */ = {
			isa = XCBuildConfiguration;
			buildSettings = {
				ASSETCATALOG_COMPILER_APPICON_NAME = AppIcon;
				ASSETCATALOG_COMPILER_GLOBAL_ACCENT_COLOR_NAME = AccentColor;
				CODE_SIGN_STYLE = Automatic;
				CURRENT_PROJECT_VERSION = 1;
				DEVELOPMENT_ASSET_PATHS = "\"iOS5-Zhaboklitskaya-Pan/Preview Content\"";
				DEVELOPMENT_TEAM = UGZ7JH89JM;
				ENABLE_PREVIEWS = YES;
				GENERATE_INFOPLIST_FILE = YES;
				INFOPLIST_KEY_UIApplicationSceneManifest_Generation = YES;
				INFOPLIST_KEY_UIApplicationSupportsIndirectInputEvents = YES;
				INFOPLIST_KEY_UILaunchScreen_Generation = YES;
				INFOPLIST_KEY_UISupportedInterfaceOrientations_iPad = "UIInterfaceOrientationPortrait UIInterfaceOrientationPortraitUpsideDown UIInterfaceOrientationLandscapeLeft UIInterfaceOrientationLandscapeRight";
				INFOPLIST_KEY_UISupportedInterfaceOrientations_iPhone = "UIInterfaceOrientationPortrait UIInterfaceOrientationLandscapeLeft UIInterfaceOrientationLandscapeRight";
				LD_RUNPATH_SEARCH_PATHS = (
					"$(inherited)",
					"@executable_path/Frameworks",
				);
				MARKETING_VERSION = 1.0;
				PRODUCT_BUNDLE_IDENTIFIER = "iOS5-Zhaboklitskaya-Pan.iOS5-Zhaboklitskaya-Pan";
				PRODUCT_NAME = "$(TARGET_NAME)";
				SWIFT_EMIT_LOC_STRINGS = YES;
				SWIFT_VERSION = 5.0;
				TARGETED_DEVICE_FAMILY = "1,2";
			};
			name = Release;
		};
/* End XCBuildConfiguration section */

/* Begin XCConfigurationList section */
		46617EE32D26E93000741B5E /* Build configuration list for PBXProject "iOS5-Zhaboklitskaya-Pan" */ = {
			isa = XCConfigurationList;
			buildConfigurations = (
				46617EF42D26E93200741B5E /* Debug */,
				46617EF52D26E93200741B5E /* Release */,
			);
			defaultConfigurationIsVisible = 0;
			defaultConfigurationName = Release;
		};
		46617EF62D26E93200741B5E /* Build configuration list for PBXNativeTarget "iOS5-Zhaboklitskaya-Pan" */ = {
			isa = XCConfigurationList;
			buildConfigurations = (
				46617EF72D26E93200741B5E /* Debug */,
				46617EF82D26E93200741B5E /* Release */,
			);
			defaultConfigurationIsVisible = 0;
			defaultConfigurationName = Release;
		};
/* End XCConfigurationList section */
	};
	rootObject = 46617EE02D26E93000741B5E /* Project object */;
}
